
Microsoft Visual Studio Solution File, Format Version 12.00
# Visual Studio 2012
Project("{FAE04EC0-301F-11D3-BF4B-00C04F79EFBC}") = "DictionaryConsole", "DictionaryConsole\DictionaryConsole.csproj", "{0A6983BA-C733-4D83-90E5-37CF8DED5CEF}"
EndProject
Project("{FAE04EC0-301F-11D3-BF4B-00C04F79EFBC}") = "BusinessRules", "BusinessRules\BusinessRules.csproj", "{F7384BF5-6DD8-4F5C-8305-B111E269E092}"
EndProject
Project("{FAE04EC0-301F-11D3-BF4B-00C04F79EFBC}") = "BusinessRulesTests", "BusinessRulesTests\BusinessRulesTests.csproj", "{739958DB-27DE-4077-962E-691F2069DF49}"
EndProject
Global
	GlobalSection(SolutionConfigurationPlatforms) = preSolution
		Debug|Any CPU = Debug|Any CPU
		Release|Any CPU = Release|Any CPU
	EndGlobalSection
	GlobalSection(ProjectConfigurationPlatforms) = postSolution
		{0A6983BA-C733-4D83-90E5-37CF8DED5CEF}.Debug|Any CPU.ActiveCfg = Debug|Any CPU
		{0A6983BA-C733-4D83-90E5-37CF8DED5CEF}.Debug|Any CPU.Build.0 = Debug|Any CPU
		{0A6983BA-C733-4D83-90E5-37CF8DED5CEF}.Release|Any CPU.ActiveCfg = Release|Any CPU
		{0A6983BA-C733-4D83-90E5-37CF8DED5CEF}.Release|Any CPU.Build.0 = Release|Any CPU
		{F7384BF5-6DD8-4F5C-8305-B111E269E092}.Debug|Any CPU.ActiveCfg = Debug|Any CPU
		{F7384BF5-6DD8-4F5C-8305-B111E269E092}.Debug|Any CPU.Build.0 = Debug|Any CPU
		{F7384BF5-6DD8-4F5C-8305-B111E269E092}.Release|Any CPU.ActiveCfg = Release|Any CPU
		{F7384BF5-6DD8-4F5C-8305-B111E269E092}.Release|Any CPU.Build.0 = Release|Any CPU
		{739958DB-27DE-4077-962E-691F2069DF49}.Debug|Any CPU.ActiveCfg = Debug|Any CPU
		{739958DB-27DE-4077-962E-691F2069DF49}.Debug|Any CPU.Build.0 = Debug|Any CPU
		{739958DB-27DE-4077-962E-691F2069DF49}.Release|Any CPU.ActiveCfg = Release|Any CPU
		{739958DB-27DE-4077-962E-691F2069DF49}.Release|Any CPU.Build.0 = Release|Any CPU
	EndGlobalSection
	GlobalSection(SolutionProperties) = preSolution
		HideSolutionNode = FALSE
	EndGlobalSection
EndGlobal
